
Microsoft Visual Studio Solution File, Format Version 12.00
# Visual Studio Version 16
VisualStudioVersion = 16.0.31410.357
MinimumVisualStudioVersion = 10.0.40219.1
Project("{FAE04EC0-301F-11D3-BF4B-00C04F79EFBC}") = "Planner", "Planner.csproj", "{BBC2B120-01A9-49DA-9BAB-BA4730B97E09}"
EndProject
Global
	GlobalSection(SolutionConfigurationPlatforms) = preSolution
		Debug|Any CPU = Debug|Any CPU
		Release|Any CPU = Release|Any CPU
	EndGlobalSection
	GlobalSection(ProjectConfigurationPlatforms) = postSolution
		{BBC2B120-01A9-49DA-9BAB-BA4730B97E09}.Debug|Any CPU.ActiveCfg = Debug|Any CPU
		{BBC2B120-01A9-49DA-9BAB-BA4730B97E09}.Debug|Any CPU.Build.0 = Debug|Any CPU
		{BBC2B120-01A9-49DA-9BAB-BA4730B97E09}.Release|Any CPU.ActiveCfg = Release|Any CPU
		{BBC2B120-01A9-49DA-9BAB-BA4730B97E09}.Release|Any CPU.Build.0 = Release|Any CPU
	EndGlobalSection
	GlobalSection(SolutionProperties) = preSolution
		HideSolutionNode = FALSE
	EndGlobalSection
	GlobalSection(ExtensibilityGlobals) = postSolution
		SolutionGuid = {016703A9-137F-4B3B-9A28-998A92B2FE55}
	EndGlobalSection
EndGlobal
